
Microsoft Visual Studio Solution File, Format Version 12.00
# Visual Studio Version 16
VisualStudioVersion = 16.0.31727.386
MinimumVisualStudioVersion = 10.0.40219.1
Project("{FAE04EC0-301F-11D3-BF4B-00C04F79EFBC}") = "OPLab№3_2ndTask", "OPLab№3_2ndTask\OPLab№3_2ndTask.csproj", "{145F1039-B96E-48A5-B10C-A5D3FE0F13A0}"
EndProject
Global
	GlobalSection(SolutionConfigurationPlatforms) = preSolution
		Debug|Any CPU = Debug|Any CPU
		Release|Any CPU = Release|Any CPU
	EndGlobalSection
	GlobalSection(ProjectConfigurationPlatforms) = postSolution
		{145F1039-B96E-48A5-B10C-A5D3FE0F13A0}.Debug|Any CPU.ActiveCfg = Debug|Any CPU
		{145F1039-B96E-48A5-B10C-A5D3FE0F13A0}.Debug|Any CPU.Build.0 = Debug|Any CPU
		{145F1039-B96E-48A5-B10C-A5D3FE0F13A0}.Release|Any CPU.ActiveCfg = Release|Any CPU
		{145F1039-B96E-48A5-B10C-A5D3FE0F13A0}.Release|Any CPU.Build.0 = Release|Any CPU
	EndGlobalSection
	GlobalSection(SolutionProperties) = preSolution
		HideSolutionNode = FALSE
	EndGlobalSection
	GlobalSection(ExtensibilityGlobals) = postSolution
		SolutionGuid = {AE138132-3A7E-4E19-9F4F-7025EF35ED68}
	EndGlobalSection
EndGlobal
